
Microsoft Visual Studio Solution File, Format Version 12.00
# Visual Studio Version 17
VisualStudioVersion = 17.9.34728.123
MinimumVisualStudioVersion = 10.0.40219.1
Project("{8BC9CEB8-8B4A-11D0-8D11-00A0C91BC942}") = "plyerSearch", "plyerSearch.vcxproj", "{AA043E54-43A4-4A9C-820E-00013EE61A8B}"
EndProject
Global
	GlobalSection(SolutionConfigurationPlatforms) = preSolution
		Debug|x64 = Debug|x64
		Release|x64 = Release|x64
	EndGlobalSection
	GlobalSection(ProjectConfigurationPlatforms) = postSolution
		{AA043E54-43A4-4A9C-820E-00013EE61A8B}.Debug|x64.ActiveCfg = Debug|x64
		{AA043E54-43A4-4A9C-820E-00013EE61A8B}.Debug|x64.Build.0 = Debug|x64
		{AA043E54-43A4-4A9C-820E-00013EE61A8B}.Release|x64.ActiveCfg = Release|x64
		{AA043E54-43A4-4A9C-820E-00013EE61A8B}.Release|x64.Build.0 = Release|x64
	EndGlobalSection
	GlobalSection(SolutionProperties) = preSolution
		HideSolutionNode = FALSE
	EndGlobalSection
	GlobalSection(ExtensibilityGlobals) = postSolution
		SolutionGuid = {ED8C1932-16D2-4B1E-9414-CC11A6661FF4}
	EndGlobalSection
EndGlobal
